
Microsoft Visual Studio Solution File, Format Version 11.00
# Visual C# Express 2010
Project("{FAE04EC0-301F-11D3-BF4B-00C04F79EFBC}") = "FloatOrDouble", "FloatOrDouble\FloatOrDouble.csproj", "{001C9622-5029-4729-8E7E-F010FE3955EB}"
EndProject
Project("{FAE04EC0-301F-11D3-BF4B-00C04F79EFBC}") = "VariableInHexadecimalFormat", "VariableInHexadecimalFormat\VariableInHexadecimalFormat.csproj", "{AE9ED948-0787-4E2C-AF91-08DBBABBB64F}"
EndProject
Project("{FAE04EC0-301F-11D3-BF4B-00C04F79EFBC}") = "UnicodeCharacter", "UnicodeCharacter\UnicodeCharacter.csproj", "{A7110796-22A5-4360-85A8-BD37AB13EC7C}"
EndProject
Project("{FAE04EC0-301F-11D3-BF4B-00C04F79EFBC}") = "BooleanVariable", "BooleanVariable\BooleanVariable.csproj", "{27E8E724-BDAD-4CD0-AC92-86F4DC75FEA3}"
EndProject
Project("{FAE04EC0-301F-11D3-BF4B-00C04F79EFBC}") = "StringsAndObjects", "StringsAndObjects\StringsAndObjects.csproj", "{BDD6836A-9F14-4135-8B80-9F53F0764734}"
EndProject
Project("{FAE04EC0-301F-11D3-BF4B-00C04F79EFBC}") = "QuotesInStrings", "QuotesInStrings\QuotesInStrings.csproj", "{A0E0CC86-2D47-42BE-A72F-9F0E6BAABF62}"
EndProject
Project("{FAE04EC0-301F-11D3-BF4B-00C04F79EFBC}") = "IsoscelesTriangle", "IsoscelesTriangle\IsoscelesTriangle.csproj", "{892BAC9C-2D00-4DCB-AA3E-FC42D4543C52}"
EndProject
Project("{FAE04EC0-301F-11D3-BF4B-00C04F79EFBC}") = "ExchangeVariableValues", "ExchangeVariableValues\ExchangeVariableValues.csproj", "{B6C09792-028C-452D-8027-F1967848894C}"
EndProject
Project("{FAE04EC0-301F-11D3-BF4B-00C04F79EFBC}") = "EmployeeData", "EmployeeData\EmployeeData.csproj", "{87C8601E-412B-44FC-B5A2-91154A4DC346}"
EndProject
Project("{FAE04EC0-301F-11D3-BF4B-00C04F79EFBC}") = "BankAccountData", "BankAccountData\BankAccountData.csproj", "{764B2057-D877-470B-A623-4A30697F0DC9}"
EndProject
Project("{FAE04EC0-301F-11D3-BF4B-00C04F79EFBC}") = "DeclareVariables", "DeclareVariables\DeclareVariables.csproj", "{69C64707-F16B-4B72-86A5-1B6BC2C0F6D2}"
EndProject
Project("{FAE04EC0-301F-11D3-BF4B-00C04F79EFBC}") = "NullValuesArithmetic", "NullValuesArithmetic\NullValuesArithmetic.csproj", "{39952517-A4BD-43CF-AEEC-C6398367617B}"
EndProject
Global
	GlobalSection(SolutionConfigurationPlatforms) = preSolution
		Debug|x86 = Debug|x86
		Release|x86 = Release|x86
	EndGlobalSection
	GlobalSection(ProjectConfigurationPlatforms) = postSolution
		{001C9622-5029-4729-8E7E-F010FE3955EB}.Debug|x86.ActiveCfg = Debug|x86
		{001C9622-5029-4729-8E7E-F010FE3955EB}.Debug|x86.Build.0 = Debug|x86
		{001C9622-5029-4729-8E7E-F010FE3955EB}.Release|x86.ActiveCfg = Release|x86
		{001C9622-5029-4729-8E7E-F010FE3955EB}.Release|x86.Build.0 = Release|x86
		{AE9ED948-0787-4E2C-AF91-08DBBABBB64F}.Debug|x86.ActiveCfg = Debug|x86
		{AE9ED948-0787-4E2C-AF91-08DBBABBB64F}.Debug|x86.Build.0 = Debug|x86
		{AE9ED948-0787-4E2C-AF91-08DBBABBB64F}.Release|x86.ActiveCfg = Release|x86
		{AE9ED948-0787-4E2C-AF91-08DBBABBB64F}.Release|x86.Build.0 = Release|x86
		{A7110796-22A5-4360-85A8-BD37AB13EC7C}.Debug|x86.ActiveCfg = Debug|x86
		{A7110796-22A5-4360-85A8-BD37AB13EC7C}.Debug|x86.Build.0 = Debug|x86
		{A7110796-22A5-4360-85A8-BD37AB13EC7C}.Release|x86.ActiveCfg = Release|x86
		{A7110796-22A5-4360-85A8-BD37AB13EC7C}.Release|x86.Build.0 = Release|x86
		{27E8E724-BDAD-4CD0-AC92-86F4DC75FEA3}.Debug|x86.ActiveCfg = Debug|x86
		{27E8E724-BDAD-4CD0-AC92-86F4DC75FEA3}.Debug|x86.Build.0 = Debug|x86
		{27E8E724-BDAD-4CD0-AC92-86F4DC75FEA3}.Release|x86.ActiveCfg = Release|x86
		{27E8E724-BDAD-4CD0-AC92-86F4DC75FEA3}.Release|x86.Build.0 = Release|x86
		{BDD6836A-9F14-4135-8B80-9F53F0764734}.Debug|x86.ActiveCfg = Debug|x86
		{BDD6836A-9F14-4135-8B80-9F53F0764734}.Debug|x86.Build.0 = Debug|x86
		{BDD6836A-9F14-4135-8B80-9F53F0764734}.Release|x86.ActiveCfg = Release|x86
		{BDD6836A-9F14-4135-8B80-9F53F0764734}.Release|x86.Build.0 = Release|x86
		{A0E0CC86-2D47-42BE-A72F-9F0E6BAABF62}.Debug|x86.ActiveCfg = Debug|x86
		{A0E0CC86-2D47-42BE-A72F-9F0E6BAABF62}.Debug|x86.Build.0 = Debug|x86
		{A0E0CC86-2D47-42BE-A72F-9F0E6BAABF62}.Release|x86.ActiveCfg = Release|x86
		{A0E0CC86-2D47-42BE-A72F-9F0E6BAABF62}.Release|x86.Build.0 = Release|x86
		{892BAC9C-2D00-4DCB-AA3E-FC42D4543C52}.Debug|x86.ActiveCfg = Debug|x86
		{892BAC9C-2D00-4DCB-AA3E-FC42D4543C52}.Debug|x86.Build.0 = Debug|x86
		{892BAC9C-2D00-4DCB-AA3E-FC42D4543C52}.Release|x86.ActiveCfg = Release|x86
		{892BAC9C-2D00-4DCB-AA3E-FC42D4543C52}.Release|x86.Build.0 = Release|x86
		{B6C09792-028C-452D-8027-F1967848894C}.Debug|x86.ActiveCfg = Debug|x86
		{B6C09792-028C-452D-8027-F1967848894C}.Debug|x86.Build.0 = Debug|x86
		{B6C09792-028C-452D-8027-F1967848894C}.Release|x86.ActiveCfg = Release|x86
		{B6C09792-028C-452D-8027-F1967848894C}.Release|x86.Build.0 = Release|x86
		{87C8601E-412B-44FC-B5A2-91154A4DC346}.Debug|x86.ActiveCfg = Debug|x86
		{87C8601E-412B-44FC-B5A2-91154A4DC346}.Debug|x86.Build.0 = Debug|x86
		{87C8601E-412B-44FC-B5A2-91154A4DC346}.Release|x86.ActiveCfg = Release|x86
		{87C8601E-412B-44FC-B5A2-91154A4DC346}.Release|x86.Build.0 = Release|x86
		{764B2057-D877-470B-A623-4A30697F0DC9}.Debug|x86.ActiveCfg = Debug|x86
		{764B2057-D877-470B-A623-4A30697F0DC9}.Debug|x86.Build.0 = Debug|x86
		{764B2057-D877-470B-A623-4A30697F0DC9}.Release|x86.ActiveCfg = Release|x86
		{764B2057-D877-470B-A623-4A30697F0DC9}.Release|x86.Build.0 = Release|x86
		{69C64707-F16B-4B72-86A5-1B6BC2C0F6D2}.Debug|x86.ActiveCfg = Debug|x86
		{69C64707-F16B-4B72-86A5-1B6BC2C0F6D2}.Debug|x86.Build.0 = Debug|x86
		{69C64707-F16B-4B72-86A5-1B6BC2C0F6D2}.Release|x86.ActiveCfg = Release|x86
		{69C64707-F16B-4B72-86A5-1B6BC2C0F6D2}.Release|x86.Build.0 = Release|x86
		{39952517-A4BD-43CF-AEEC-C6398367617B}.Debug|x86.ActiveCfg = Debug|x86
		{39952517-A4BD-43CF-AEEC-C6398367617B}.Debug|x86.Build.0 = Debug|x86
		{39952517-A4BD-43CF-AEEC-C6398367617B}.Release|x86.ActiveCfg = Release|x86
		{39952517-A4BD-43CF-AEEC-C6398367617B}.Release|x86.Build.0 = Release|x86
	EndGlobalSection
	GlobalSection(SolutionProperties) = preSolution
		HideSolutionNode = FALSE
	EndGlobalSection
EndGlobal
