
Microsoft Visual Studio Solution File, Format Version 11.00
# Visual C# Express 2010
Project("{FAE04EC0-301F-11D3-BF4B-00C04F79EFBC}") = "OddOrEvenIntegers", "OddOrEvenIntegers\OddOrEvenIntegers.csproj", "{CDECB404-AF13-4B86-946B-FC2EACE1A99C}"
EndProject
Project("{FAE04EC0-301F-11D3-BF4B-00C04F79EFBC}") = "MoonGravitation", "MoonGravitation\MoonGravitation.csproj", "{CD7FE709-6160-4AF9-B2EE-DD641740BA76}"
EndProject
Project("{FAE04EC0-301F-11D3-BF4B-00C04F79EFBC}") = "DivideBySevenAndFive", "DivideBySevenAndFive\DivideBySevenAndFive.csproj", "{30AB7A6E-6636-4426-A366-0750AAC0B73D}"
EndProject
Project("{FAE04EC0-301F-11D3-BF4B-00C04F79EFBC}") = "Rectangles", "Rectangles\Rectangles.csproj", "{B8BF6E98-E198-4E04-8191-EC6A864E2DC5}"
EndProject
Project("{FAE04EC0-301F-11D3-BF4B-00C04F79EFBC}") = "IsThirdDigitSeven", "IsThirdDigitSeven\IsThirdDigitSeven.csproj", "{44ECD798-59E8-4F9F-9C1E-747217E8637F}"
EndProject
Project("{FAE04EC0-301F-11D3-BF4B-00C04F79EFBC}") = "FourDigitNumber", "FourDigitNumber\FourDigitNumber.csproj", "{DD50F092-3367-41DE-93D2-05D81733FF5E}"
EndProject
Project("{FAE04EC0-301F-11D3-BF4B-00C04F79EFBC}") = "PointInCircle", "PointInCircle\PointInCircle.csproj", "{C54B2382-583B-4721-B47E-8D3D80F67B37}"
EndProject
Project("{FAE04EC0-301F-11D3-BF4B-00C04F79EFBC}") = "PrimeNumberCheck", "PrimeNumberCheck\PrimeNumberCheck.csproj", "{43CEE365-C357-4D9E-92F9-CE17E8A650BF}"
EndProject
Project("{FAE04EC0-301F-11D3-BF4B-00C04F79EFBC}") = "Trapezoids", "Trapezoids\Trapezoids.csproj", "{2585AD21-4A2A-4493-9BF2-F0E2554C1504}"
EndProject
Project("{FAE04EC0-301F-11D3-BF4B-00C04F79EFBC}") = "PointInCircleAndOutOfRectangle", "PointInCircleAndOutOfRectangle\PointInCircleAndOutOfRectangle.csproj", "{728AE779-3B1B-4EC4-B306-EBDFBD100677}"
EndProject
Project("{FAE04EC0-301F-11D3-BF4B-00C04F79EFBC}") = "ExtractThirdBit", "ExtractThirdBit\ExtractThirdBit.csproj", "{F8270066-2FC5-4370-B84F-73A04FD11DFB}"
EndProject
Project("{FAE04EC0-301F-11D3-BF4B-00C04F79EFBC}") = "ExtractBitFromInteger", "ExtractBitFromInteger\ExtractBitFromInteger.csproj", "{C546B1E5-675A-4CDA-91E9-AFC83971DABE}"
EndProject
Project("{FAE04EC0-301F-11D3-BF4B-00C04F79EFBC}") = "CheckBitAtPosition", "CheckBitAtPosition\CheckBitAtPosition.csproj", "{EA02A186-0AE9-4D41-B2CB-89AFECD5DE6B}"
EndProject
Project("{FAE04EC0-301F-11D3-BF4B-00C04F79EFBC}") = "ModifyBitAtPosition", "ModifyBitAtPosition\ModifyBitAtPosition.csproj", "{4FFC5379-6368-4E32-AE23-FA4C6B97B795}"
EndProject
Project("{FAE04EC0-301F-11D3-BF4B-00C04F79EFBC}") = "BitsExchange", "BitsExchange\BitsExchange.csproj", "{1E192C39-794B-4926-A47F-FFF1EC56D291}"
EndProject
Global
	GlobalSection(SolutionConfigurationPlatforms) = preSolution
		Debug|x86 = Debug|x86
		Release|x86 = Release|x86
	EndGlobalSection
	GlobalSection(ProjectConfigurationPlatforms) = postSolution
		{CDECB404-AF13-4B86-946B-FC2EACE1A99C}.Debug|x86.ActiveCfg = Debug|x86
		{CDECB404-AF13-4B86-946B-FC2EACE1A99C}.Debug|x86.Build.0 = Debug|x86
		{CDECB404-AF13-4B86-946B-FC2EACE1A99C}.Release|x86.ActiveCfg = Release|x86
		{CDECB404-AF13-4B86-946B-FC2EACE1A99C}.Release|x86.Build.0 = Release|x86
		{CD7FE709-6160-4AF9-B2EE-DD641740BA76}.Debug|x86.ActiveCfg = Debug|x86
		{CD7FE709-6160-4AF9-B2EE-DD641740BA76}.Debug|x86.Build.0 = Debug|x86
		{CD7FE709-6160-4AF9-B2EE-DD641740BA76}.Release|x86.ActiveCfg = Release|x86
		{CD7FE709-6160-4AF9-B2EE-DD641740BA76}.Release|x86.Build.0 = Release|x86
		{30AB7A6E-6636-4426-A366-0750AAC0B73D}.Debug|x86.ActiveCfg = Debug|x86
		{30AB7A6E-6636-4426-A366-0750AAC0B73D}.Debug|x86.Build.0 = Debug|x86
		{30AB7A6E-6636-4426-A366-0750AAC0B73D}.Release|x86.ActiveCfg = Release|x86
		{30AB7A6E-6636-4426-A366-0750AAC0B73D}.Release|x86.Build.0 = Release|x86
		{B8BF6E98-E198-4E04-8191-EC6A864E2DC5}.Debug|x86.ActiveCfg = Debug|x86
		{B8BF6E98-E198-4E04-8191-EC6A864E2DC5}.Debug|x86.Build.0 = Debug|x86
		{B8BF6E98-E198-4E04-8191-EC6A864E2DC5}.Release|x86.ActiveCfg = Release|x86
		{B8BF6E98-E198-4E04-8191-EC6A864E2DC5}.Release|x86.Build.0 = Release|x86
		{44ECD798-59E8-4F9F-9C1E-747217E8637F}.Debug|x86.ActiveCfg = Debug|x86
		{44ECD798-59E8-4F9F-9C1E-747217E8637F}.Debug|x86.Build.0 = Debug|x86
		{44ECD798-59E8-4F9F-9C1E-747217E8637F}.Release|x86.ActiveCfg = Release|x86
		{44ECD798-59E8-4F9F-9C1E-747217E8637F}.Release|x86.Build.0 = Release|x86
		{DD50F092-3367-41DE-93D2-05D81733FF5E}.Debug|x86.ActiveCfg = Debug|x86
		{DD50F092-3367-41DE-93D2-05D81733FF5E}.Debug|x86.Build.0 = Debug|x86
		{DD50F092-3367-41DE-93D2-05D81733FF5E}.Release|x86.ActiveCfg = Release|x86
		{DD50F092-3367-41DE-93D2-05D81733FF5E}.Release|x86.Build.0 = Release|x86
		{C54B2382-583B-4721-B47E-8D3D80F67B37}.Debug|x86.ActiveCfg = Debug|x86
		{C54B2382-583B-4721-B47E-8D3D80F67B37}.Debug|x86.Build.0 = Debug|x86
		{C54B2382-583B-4721-B47E-8D3D80F67B37}.Release|x86.ActiveCfg = Release|x86
		{C54B2382-583B-4721-B47E-8D3D80F67B37}.Release|x86.Build.0 = Release|x86
		{43CEE365-C357-4D9E-92F9-CE17E8A650BF}.Debug|x86.ActiveCfg = Debug|x86
		{43CEE365-C357-4D9E-92F9-CE17E8A650BF}.Debug|x86.Build.0 = Debug|x86
		{43CEE365-C357-4D9E-92F9-CE17E8A650BF}.Release|x86.ActiveCfg = Release|x86
		{43CEE365-C357-4D9E-92F9-CE17E8A650BF}.Release|x86.Build.0 = Release|x86
		{2585AD21-4A2A-4493-9BF2-F0E2554C1504}.Debug|x86.ActiveCfg = Debug|x86
		{2585AD21-4A2A-4493-9BF2-F0E2554C1504}.Debug|x86.Build.0 = Debug|x86
		{2585AD21-4A2A-4493-9BF2-F0E2554C1504}.Release|x86.ActiveCfg = Release|x86
		{2585AD21-4A2A-4493-9BF2-F0E2554C1504}.Release|x86.Build.0 = Release|x86
		{728AE779-3B1B-4EC4-B306-EBDFBD100677}.Debug|x86.ActiveCfg = Debug|x86
		{728AE779-3B1B-4EC4-B306-EBDFBD100677}.Debug|x86.Build.0 = Debug|x86
		{728AE779-3B1B-4EC4-B306-EBDFBD100677}.Release|x86.ActiveCfg = Release|x86
		{728AE779-3B1B-4EC4-B306-EBDFBD100677}.Release|x86.Build.0 = Release|x86
		{F8270066-2FC5-4370-B84F-73A04FD11DFB}.Debug|x86.ActiveCfg = Debug|x86
		{F8270066-2FC5-4370-B84F-73A04FD11DFB}.Debug|x86.Build.0 = Debug|x86
		{F8270066-2FC5-4370-B84F-73A04FD11DFB}.Release|x86.ActiveCfg = Release|x86
		{F8270066-2FC5-4370-B84F-73A04FD11DFB}.Release|x86.Build.0 = Release|x86
		{C546B1E5-675A-4CDA-91E9-AFC83971DABE}.Debug|x86.ActiveCfg = Debug|x86
		{C546B1E5-675A-4CDA-91E9-AFC83971DABE}.Debug|x86.Build.0 = Debug|x86
		{C546B1E5-675A-4CDA-91E9-AFC83971DABE}.Release|x86.ActiveCfg = Release|x86
		{C546B1E5-675A-4CDA-91E9-AFC83971DABE}.Release|x86.Build.0 = Release|x86
		{EA02A186-0AE9-4D41-B2CB-89AFECD5DE6B}.Debug|x86.ActiveCfg = Debug|x86
		{EA02A186-0AE9-4D41-B2CB-89AFECD5DE6B}.Debug|x86.Build.0 = Debug|x86
		{EA02A186-0AE9-4D41-B2CB-89AFECD5DE6B}.Release|x86.ActiveCfg = Release|x86
		{EA02A186-0AE9-4D41-B2CB-89AFECD5DE6B}.Release|x86.Build.0 = Release|x86
		{4FFC5379-6368-4E32-AE23-FA4C6B97B795}.Debug|x86.ActiveCfg = Debug|x86
		{4FFC5379-6368-4E32-AE23-FA4C6B97B795}.Debug|x86.Build.0 = Debug|x86
		{4FFC5379-6368-4E32-AE23-FA4C6B97B795}.Release|x86.ActiveCfg = Release|x86
		{4FFC5379-6368-4E32-AE23-FA4C6B97B795}.Release|x86.Build.0 = Release|x86
		{1E192C39-794B-4926-A47F-FFF1EC56D291}.Debug|x86.ActiveCfg = Debug|x86
		{1E192C39-794B-4926-A47F-FFF1EC56D291}.Debug|x86.Build.0 = Debug|x86
		{1E192C39-794B-4926-A47F-FFF1EC56D291}.Release|x86.ActiveCfg = Release|x86
		{1E192C39-794B-4926-A47F-FFF1EC56D291}.Release|x86.Build.0 = Release|x86
	EndGlobalSection
	GlobalSection(SolutionProperties) = preSolution
		HideSolutionNode = FALSE
	EndGlobalSection
EndGlobal
