
Microsoft Visual Studio Solution File, Format Version 11.00
# Visual C# Express 2010
Project("{FAE04EC0-301F-11D3-BF4B-00C04F79EFBC}") = "HelloCSharp", "HelloCSharp\HelloCSharp.csproj", "{879BA35F-2EA5-427B-9A35-BF4414BA38A4}"
EndProject
Project("{FAE04EC0-301F-11D3-BF4B-00C04F79EFBC}") = "PrintMyName", "PrintMyName\PrintMyName.csproj", "{79AEF6D7-31D7-4753-A314-B42B26E9B66F}"
EndProject
Project("{FAE04EC0-301F-11D3-BF4B-00C04F79EFBC}") = "PrintNumbers", "PrintNumbers\PrintNumbers.csproj", "{56A96044-C870-40BF-957E-456A85D53CBF}"
EndProject
Project("{FAE04EC0-301F-11D3-BF4B-00C04F79EFBC}") = "PrintFirstLastName", "PrintFirstLastName\PrintFirstLastName.csproj", "{D467BF28-8319-4A95-B76B-25734670E74D}"
EndProject
Project("{FAE04EC0-301F-11D3-BF4B-00C04F79EFBC}") = "SquareRoot", "SquareRoot\SquareRoot.csproj", "{112127A6-5269-44A2-8688-0065655081E1}"
EndProject
Project("{FAE04EC0-301F-11D3-BF4B-00C04F79EFBC}") = "PrintSequence", "PrintSequence\PrintSequence.csproj", "{7710C9B3-3EF5-45C8-8DF2-0FDE2678CDFE}"
EndProject
Project("{FAE04EC0-301F-11D3-BF4B-00C04F79EFBC}") = "ReformatCSharpCode", "ReformatCSharpCode\ReformatCSharpCode.csproj", "{086A6802-7936-4F95-A998-80F2985D63CE}"
EndProject
Project("{FAE04EC0-301F-11D3-BF4B-00C04F79EFBC}") = "CurrentDateTime", "CurrentDateTime\CurrentDateTime.csproj", "{3F932E30-F3AA-41A6-9587-31DDC1C3F1AD}"
EndProject
Project("{FAE04EC0-301F-11D3-BF4B-00C04F79EFBC}") = "AgeAfterTenYears", "AgeAfterTenYears\AgeAfterTenYears.csproj", "{BD5EDA32-D9CB-414A-A311-DD8370F13B5B}"
EndProject
Project("{FAE04EC0-301F-11D3-BF4B-00C04F79EFBC}") = "PrintLongSequence", "PrintLongSequence\PrintLongSequence.csproj", "{2F1EE78E-CEBA-418B-8E1C-403972FFF460}"
EndProject
Project("{FAE04EC0-301F-11D3-BF4B-00C04F79EFBC}") = "Debugger", "Debugger\Debugger.csproj", "{538D9D4E-B5AC-4A80-BADE-A43E044A2C1B}"
EndProject
Global
	GlobalSection(SolutionConfigurationPlatforms) = preSolution
		Debug|x86 = Debug|x86
		Release|x86 = Release|x86
	EndGlobalSection
	GlobalSection(ProjectConfigurationPlatforms) = postSolution
		{879BA35F-2EA5-427B-9A35-BF4414BA38A4}.Debug|x86.ActiveCfg = Debug|x86
		{879BA35F-2EA5-427B-9A35-BF4414BA38A4}.Debug|x86.Build.0 = Debug|x86
		{879BA35F-2EA5-427B-9A35-BF4414BA38A4}.Release|x86.ActiveCfg = Release|x86
		{879BA35F-2EA5-427B-9A35-BF4414BA38A4}.Release|x86.Build.0 = Release|x86
		{79AEF6D7-31D7-4753-A314-B42B26E9B66F}.Debug|x86.ActiveCfg = Debug|x86
		{79AEF6D7-31D7-4753-A314-B42B26E9B66F}.Debug|x86.Build.0 = Debug|x86
		{79AEF6D7-31D7-4753-A314-B42B26E9B66F}.Release|x86.ActiveCfg = Release|x86
		{79AEF6D7-31D7-4753-A314-B42B26E9B66F}.Release|x86.Build.0 = Release|x86
		{56A96044-C870-40BF-957E-456A85D53CBF}.Debug|x86.ActiveCfg = Debug|x86
		{56A96044-C870-40BF-957E-456A85D53CBF}.Debug|x86.Build.0 = Debug|x86
		{56A96044-C870-40BF-957E-456A85D53CBF}.Release|x86.ActiveCfg = Release|x86
		{56A96044-C870-40BF-957E-456A85D53CBF}.Release|x86.Build.0 = Release|x86
		{D467BF28-8319-4A95-B76B-25734670E74D}.Debug|x86.ActiveCfg = Debug|x86
		{D467BF28-8319-4A95-B76B-25734670E74D}.Debug|x86.Build.0 = Debug|x86
		{D467BF28-8319-4A95-B76B-25734670E74D}.Release|x86.ActiveCfg = Release|x86
		{D467BF28-8319-4A95-B76B-25734670E74D}.Release|x86.Build.0 = Release|x86
		{112127A6-5269-44A2-8688-0065655081E1}.Debug|x86.ActiveCfg = Debug|x86
		{112127A6-5269-44A2-8688-0065655081E1}.Debug|x86.Build.0 = Debug|x86
		{112127A6-5269-44A2-8688-0065655081E1}.Release|x86.ActiveCfg = Release|x86
		{112127A6-5269-44A2-8688-0065655081E1}.Release|x86.Build.0 = Release|x86
		{7710C9B3-3EF5-45C8-8DF2-0FDE2678CDFE}.Debug|x86.ActiveCfg = Debug|x86
		{7710C9B3-3EF5-45C8-8DF2-0FDE2678CDFE}.Debug|x86.Build.0 = Debug|x86
		{7710C9B3-3EF5-45C8-8DF2-0FDE2678CDFE}.Release|x86.ActiveCfg = Release|x86
		{7710C9B3-3EF5-45C8-8DF2-0FDE2678CDFE}.Release|x86.Build.0 = Release|x86
		{086A6802-7936-4F95-A998-80F2985D63CE}.Debug|x86.ActiveCfg = Debug|x86
		{086A6802-7936-4F95-A998-80F2985D63CE}.Debug|x86.Build.0 = Debug|x86
		{086A6802-7936-4F95-A998-80F2985D63CE}.Release|x86.ActiveCfg = Release|x86
		{086A6802-7936-4F95-A998-80F2985D63CE}.Release|x86.Build.0 = Release|x86
		{3F932E30-F3AA-41A6-9587-31DDC1C3F1AD}.Debug|x86.ActiveCfg = Debug|x86
		{3F932E30-F3AA-41A6-9587-31DDC1C3F1AD}.Debug|x86.Build.0 = Debug|x86
		{3F932E30-F3AA-41A6-9587-31DDC1C3F1AD}.Release|x86.ActiveCfg = Release|x86
		{3F932E30-F3AA-41A6-9587-31DDC1C3F1AD}.Release|x86.Build.0 = Release|x86
		{BD5EDA32-D9CB-414A-A311-DD8370F13B5B}.Debug|x86.ActiveCfg = Debug|x86
		{BD5EDA32-D9CB-414A-A311-DD8370F13B5B}.Debug|x86.Build.0 = Debug|x86
		{BD5EDA32-D9CB-414A-A311-DD8370F13B5B}.Release|x86.ActiveCfg = Release|x86
		{BD5EDA32-D9CB-414A-A311-DD8370F13B5B}.Release|x86.Build.0 = Release|x86
		{2F1EE78E-CEBA-418B-8E1C-403972FFF460}.Debug|x86.ActiveCfg = Debug|x86
		{2F1EE78E-CEBA-418B-8E1C-403972FFF460}.Debug|x86.Build.0 = Debug|x86
		{2F1EE78E-CEBA-418B-8E1C-403972FFF460}.Release|x86.ActiveCfg = Release|x86
		{2F1EE78E-CEBA-418B-8E1C-403972FFF460}.Release|x86.Build.0 = Release|x86
		{538D9D4E-B5AC-4A80-BADE-A43E044A2C1B}.Debug|x86.ActiveCfg = Debug|x86
		{538D9D4E-B5AC-4A80-BADE-A43E044A2C1B}.Debug|x86.Build.0 = Debug|x86
		{538D9D4E-B5AC-4A80-BADE-A43E044A2C1B}.Release|x86.ActiveCfg = Release|x86
		{538D9D4E-B5AC-4A80-BADE-A43E044A2C1B}.Release|x86.Build.0 = Release|x86
	EndGlobalSection
	GlobalSection(SolutionProperties) = preSolution
		HideSolutionNode = FALSE
	EndGlobalSection
EndGlobal
